{
  "name": "app",
  "version": "1.0.0",
  "lockfileVersion": 3,
  "requires": true,
  "packages": {
    "": {
      "name": "app",
      "version": "1.0.0",
      "license": "ISC",
      "dependencies": {
        "xlsx": "^0.18.5"
      },
      "devDependencies": {
        "autoprefixer": "^10.4.21",
        "postcss": "^8.5.6",
        "serve": "^14.2.3",
        "tailwindcss": "^4.1.11",
        "vitest": "^3.2.4"
      }
    }
  }
}
